
Microsoft Visual Studio Solution File, Format Version 12.00
# Visual Studio Version 17
VisualStudioVersion = 17.11.35327.3
MinimumVisualStudioVersion = 10.0.40219.1
Project("{FAE04EC0-301F-11D3-BF4B-00C04F79EFBC}") = "zadanie6Composite", "zadanie6Composite.csproj", "{DB4C72FD-D3EC-4026-9476-784873579B38}"
EndProject
Global
	GlobalSection(SolutionConfigurationPlatforms) = preSolution
		Debug|Any CPU = Debug|Any CPU
		Release|Any CPU = Release|Any CPU
	EndGlobalSection
	GlobalSection(ProjectConfigurationPlatforms) = postSolution
		{DB4C72FD-D3EC-4026-9476-784873579B38}.Debug|Any CPU.ActiveCfg = Debug|Any CPU
		{DB4C72FD-D3EC-4026-9476-784873579B38}.Debug|Any CPU.Build.0 = Debug|Any CPU
		{DB4C72FD-D3EC-4026-9476-784873579B38}.Release|Any CPU.ActiveCfg = Release|Any CPU
		{DB4C72FD-D3EC-4026-9476-784873579B38}.Release|Any CPU.Build.0 = Release|Any CPU
	EndGlobalSection
	GlobalSection(SolutionProperties) = preSolution
		HideSolutionNode = FALSE
	EndGlobalSection
	GlobalSection(ExtensibilityGlobals) = postSolution
		SolutionGuid = {141A1494-9940-4FE7-BE8B-3A4859BAC381}
	EndGlobalSection
EndGlobal
